
Microsoft Visual Studio Solution File, Format Version 12.00
# Visual Studio Version 17
VisualStudioVersion = 17.14.36603.0
MinimumVisualStudioVersion = 10.0.40219.1
Project("{FAE04EC0-301F-11D3-BF4B-00C04F79EFBC}") = "KRT.Cliente.Api", "KRT.Cliente.Api\KRT.Cliente.Api.csproj", "{13021A58-0316-41DE-AF0B-FA1568263E18}"
EndProject
Project("{FAE04EC0-301F-11D3-BF4B-00C04F79EFBC}") = "KRT.Cliente.API.Test", "KRT.Cliente.API.Test\KRT.Cliente.API.Test.csproj", "{CA697FC5-CF0F-421E-919B-A1D991C5A423}"
EndProject
Global
	GlobalSection(SolutionConfigurationPlatforms) = preSolution
		Debug|Any CPU = Debug|Any CPU
		Release|Any CPU = Release|Any CPU
	EndGlobalSection
	GlobalSection(ProjectConfigurationPlatforms) = postSolution
		{13021A58-0316-41DE-AF0B-FA1568263E18}.Debug|Any CPU.ActiveCfg = Debug|Any CPU
		{13021A58-0316-41DE-AF0B-FA1568263E18}.Debug|Any CPU.Build.0 = Debug|Any CPU
		{13021A58-0316-41DE-AF0B-FA1568263E18}.Release|Any CPU.ActiveCfg = Release|Any CPU
		{13021A58-0316-41DE-AF0B-FA1568263E18}.Release|Any CPU.Build.0 = Release|Any CPU
		{CA697FC5-CF0F-421E-919B-A1D991C5A423}.Debug|Any CPU.ActiveCfg = Debug|Any CPU
		{CA697FC5-CF0F-421E-919B-A1D991C5A423}.Debug|Any CPU.Build.0 = Debug|Any CPU
		{CA697FC5-CF0F-421E-919B-A1D991C5A423}.Release|Any CPU.ActiveCfg = Release|Any CPU
		{CA697FC5-CF0F-421E-919B-A1D991C5A423}.Release|Any CPU.Build.0 = Release|Any CPU
	EndGlobalSection
	GlobalSection(SolutionProperties) = preSolution
		HideSolutionNode = FALSE
	EndGlobalSection
	GlobalSection(ExtensibilityGlobals) = postSolution
		SolutionGuid = {025ECD18-521A-4787-BFF8-C5E8F3394CAA}
	EndGlobalSection
EndGlobal
